
Microsoft Visual Studio Solution File, Format Version 12.00
# Visual Studio Version 17
VisualStudioVersion = 17.2.32630.192
MinimumVisualStudioVersion = 10.0.40219.1
Project("{FAE04EC0-301F-11D3-BF4B-00C04F79EFBC}") = "PomodoroTimerV2", "PomodoroTimerV2\PomodoroTimerV2.csproj", "{0D798FA6-B228-4D28-9A03-B4F3B07CBB60}"
EndProject
Global
	GlobalSection(SolutionConfigurationPlatforms) = preSolution
		Debug|Any CPU = Debug|Any CPU
		Release|Any CPU = Release|Any CPU
	EndGlobalSection
	GlobalSection(ProjectConfigurationPlatforms) = postSolution
		{0D798FA6-B228-4D28-9A03-B4F3B07CBB60}.Debug|Any CPU.ActiveCfg = Debug|Any CPU
		{0D798FA6-B228-4D28-9A03-B4F3B07CBB60}.Debug|Any CPU.Build.0 = Debug|Any CPU
		{0D798FA6-B228-4D28-9A03-B4F3B07CBB60}.Release|Any CPU.ActiveCfg = Release|Any CPU
		{0D798FA6-B228-4D28-9A03-B4F3B07CBB60}.Release|Any CPU.Build.0 = Release|Any CPU
	EndGlobalSection
	GlobalSection(SolutionProperties) = preSolution
		HideSolutionNode = FALSE
	EndGlobalSection
	GlobalSection(ExtensibilityGlobals) = postSolution
		SolutionGuid = {7FC594A6-6150-4776-883F-158F8A7D8143}
	EndGlobalSection
EndGlobal
